
Microsoft Visual Studio Solution File, Format Version 12.00
# Visual Studio 15
VisualStudioVersion = 15.0.28010.2019
MinimumVisualStudioVersion = 10.0.40219.1
Project("{FAE04EC0-301F-11D3-BF4B-00C04F79EFBC}") = "FileRenamer", "FileRenamer\FileRenamer.csproj", "{23425DE9-796E-43BB-A3A5-80291BF708F8}"
EndProject
Global
	GlobalSection(SolutionConfigurationPlatforms) = preSolution
		Debug|Any CPU = Debug|Any CPU
		Release|Any CPU = Release|Any CPU
	EndGlobalSection
	GlobalSection(ProjectConfigurationPlatforms) = postSolution
		{23425DE9-796E-43BB-A3A5-80291BF708F8}.Debug|Any CPU.ActiveCfg = Debug|Any CPU
		{23425DE9-796E-43BB-A3A5-80291BF708F8}.Debug|Any CPU.Build.0 = Debug|Any CPU
		{23425DE9-796E-43BB-A3A5-80291BF708F8}.Release|Any CPU.ActiveCfg = Release|Any CPU
		{23425DE9-796E-43BB-A3A5-80291BF708F8}.Release|Any CPU.Build.0 = Release|Any CPU
	EndGlobalSection
	GlobalSection(SolutionProperties) = preSolution
		HideSolutionNode = FALSE
	EndGlobalSection
	GlobalSection(ExtensibilityGlobals) = postSolution
		SolutionGuid = {97734239-ABE4-4461-B263-EE2E04AC1E7B}
	EndGlobalSection
EndGlobal
